# This file was autogenerated by Stack.
# You should not edit this file by hand.
# For more information, please see the documentation at:
#   https://docs.haskellstack.org/en/stable/lock_files

packages:
- completed:
    hackage: compdata-0.12@sha256:557525e94a6617581693b2c64b96e3073476c837b28642f1a76ab6b79bf7b7e6,9538
    pantry-tree:
      size: 7711
      sha256: 9c4cbe239a0bad535e05a8a1a8d8c6dd2c3b08f36894b9dc29a4f8c623a8cfdb
  original:
    hackage: compdata-0.12@sha256:557525e94a6617581693b2c64b96e3073476c837b28642f1a76ab6b79bf7b7e6,9538
- completed:
    hackage: tree-view-0.5@sha256:85fbc67b53c1ef47f020a69051e6a29b27481698fe802cd2ed8ab0108aa69a38,1231
    pantry-tree:
      size: 215
      sha256: d9a18211606d72c340943d0a23fc119e94561f81fa4be118764c8288d259aeff
  original:
    hackage: tree-view-0.5@sha256:85fbc67b53c1ef47f020a69051e6a29b27481698fe802cd2ed8ab0108aa69a38,1231
snapshots:
- completed:
    size: 524163
    url: https://raw.githubusercontent.com/commercialhaskell/stackage-snapshots/master/lts/14/25.yaml
    sha256: 97548b4e927a8a862d4a203687ca18a3f5d2ae75b4b72c946fb29c17df1a5082
  original: lts-14.25
